
Microsoft Visual Studio Solution File, Format Version 12.00
# Visual Studio Version 17
VisualStudioVersion = 17.9.34723.18
MinimumVisualStudioVersion = 10.0.40219.1
Project("{FAE04EC0-301F-11D3-BF4B-00C04F79EFBC}") = "TheBigStore.Repository", "TheBigStore.Repository\TheBigStore.Repository.csproj", "{2AEAFC1B-92EC-4663-9FAD-0F14B090E9FD}"
EndProject
Global
	GlobalSection(SolutionConfigurationPlatforms) = preSolution
		Debug|Any CPU = Debug|Any CPU
		Release|Any CPU = Release|Any CPU
	EndGlobalSection
	GlobalSection(ProjectConfigurationPlatforms) = postSolution
		{2AEAFC1B-92EC-4663-9FAD-0F14B090E9FD}.Debug|Any CPU.ActiveCfg = Debug|Any CPU
		{2AEAFC1B-92EC-4663-9FAD-0F14B090E9FD}.Debug|Any CPU.Build.0 = Debug|Any CPU
		{2AEAFC1B-92EC-4663-9FAD-0F14B090E9FD}.Release|Any CPU.ActiveCfg = Release|Any CPU
		{2AEAFC1B-92EC-4663-9FAD-0F14B090E9FD}.Release|Any CPU.Build.0 = Release|Any CPU
	EndGlobalSection
	GlobalSection(SolutionProperties) = preSolution
		HideSolutionNode = FALSE
	EndGlobalSection
	GlobalSection(ExtensibilityGlobals) = postSolution
		SolutionGuid = {3334DD42-07BA-468E-BFFA-049AEF6110EB}
	EndGlobalSection
EndGlobal
